github.com/burhon94/bdi v0.0.0-20200314174333-14a2c983be03 h1:d7eWaYR0cKHva6kp8HiwYm8hsWhsmfST5Bh5Y3MEeC8=
github.com/burhon94/bdi v0.0.0-20200314174333-14a2c983be03/go.mod h1:5dlhKKtK6ZZzW2SIHREuR0apJ60eQmjqiBGER6L9ONc=
github.com/burhon94/json v0.0.0-20200314031405-c90421d0239b h1:+HW6ptxvnTnqmMhQYU+h/Zf7PDtx+RxB0bvWOtP2Fj0=
github.com/burhon94/json v0.0.0-20200314031405-c90421d0239b/go.mod h1:7njP7pc9j7DzUO3PtekfsdDzQoCeJL1shTF7XPcvarY=
github.com/google/uuid v1.1.1 h1:Gkbcsh/GbpXz7lPftLA3P6TYMwjCLYm83jiFQZF/3gY=
github.com/google/uuid v1.1.1/go.mod h1:TIyPZe4MgqvfeYDBFedMoGGpEw/LqOeaOT+nhxU+yHo=
github.com/gorilla/mux v1.7.4 h1:VuZ8uybHlWmqV03+zRzdwKL4tUnIp1MAQtp1mIFE1bc=
github.com/gorilla/mux v1.7.4/go.mod h1:DVbg23sWSpFRCP0SfiEN6jmj59UnW/n46BH5rLB71So=
